dependencies:
- name: opentelemetry-collector
  repository: https://open-telemetry.github.io/opentelemetry-helm-charts
  version: 0.111.0
- name: endpoint
  repository: file://../endpoint
  version: 0.1.7
- name: proxy
  repository: file://../proxy
  version: 0.1.3
digest: sha256:bcff76d2cf8a037dbf475b2bba132a05343dab32283dfa8cae21315c67de47d1
generated: "2025-01-05T01:53:59.937809036Z"
