dependencies:
- name: logs
  repository: file://../logs
  version: 0.1.38
- name: metrics
  repository: file://../metrics
  version: 0.3.26
- name: events
  repository: file://../events
  version: 0.1.17
- name: proxy
  repository: file://../proxy
  version: 0.1.3
- name: traces
  repository: file://../traces
  version: 1.0.12
digest: sha256:916fc3743053a819ad693ae61d67094426d10c3c3c2662e9bbc0a68ef6b0729d
generated: "2025-01-26T01:47:32.453634266Z"
